
Microsoft Visual Studio Solution File, Format Version 12.00
# Visual Studio Version 17
VisualStudioVersion = 17.1.32228.430
MinimumVisualStudioVersion = 10.0.40219.1
Project("{9A19103F-16F7-4668-BE54-9A1E7A4F7556}") = "EmployeeManagementSystem", "AccountManagement\EmployeeManagementSystem.csproj", "{98DF0932-4C23-416E-9DCB-27BC27F12E7F}"
EndProject
Global
	GlobalSection(SolutionConfigurationPlatforms) = preSolution
		Debug|Any CPU = Debug|Any CPU
		Release|Any CPU = Release|Any CPU
	EndGlobalSection
	GlobalSection(ProjectConfigurationPlatforms) = postSolution
		{98DF0932-4C23-416E-9DCB-27BC27F12E7F}.Debug|Any CPU.ActiveCfg = Debug|Any CPU
		{98DF0932-4C23-416E-9DCB-27BC27F12E7F}.Debug|Any CPU.Build.0 = Debug|Any CPU
		{98DF0932-4C23-416E-9DCB-27BC27F12E7F}.Release|Any CPU.ActiveCfg = Release|Any CPU
		{98DF0932-4C23-416E-9DCB-27BC27F12E7F}.Release|Any CPU.Build.0 = Release|Any CPU
	EndGlobalSection
	GlobalSection(SolutionProperties) = preSolution
		HideSolutionNode = FALSE
	EndGlobalSection
	GlobalSection(ExtensibilityGlobals) = postSolution
		SolutionGuid = {761DF345-2830-4624-A652-160B249F129F}
	EndGlobalSection
EndGlobal
